
Microsoft Visual Studio Solution File, Format Version 12.00
# Visual Studio Version 16
VisualStudioVersion = 16.0.31729.503
MinimumVisualStudioVersion = 10.0.40219.1
Project("{FAE04EC0-301F-11D3-BF4B-00C04F79EFBC}") = "day4-task2", "day4-task2.csproj", "{C486FD1F-6E78-4230-AD6A-5032BD88E84F}"
EndProject
Global
	GlobalSection(SolutionConfigurationPlatforms) = preSolution
		Debug|Any CPU = Debug|Any CPU
		Release|Any CPU = Release|Any CPU
	EndGlobalSection
	GlobalSection(ProjectConfigurationPlatforms) = postSolution
		{C486FD1F-6E78-4230-AD6A-5032BD88E84F}.Debug|Any CPU.ActiveCfg = Debug|Any CPU
		{C486FD1F-6E78-4230-AD6A-5032BD88E84F}.Debug|Any CPU.Build.0 = Debug|Any CPU
		{C486FD1F-6E78-4230-AD6A-5032BD88E84F}.Release|Any CPU.ActiveCfg = Release|Any CPU
		{C486FD1F-6E78-4230-AD6A-5032BD88E84F}.Release|Any CPU.Build.0 = Release|Any CPU
	EndGlobalSection
	GlobalSection(SolutionProperties) = preSolution
		HideSolutionNode = FALSE
	EndGlobalSection
	GlobalSection(ExtensibilityGlobals) = postSolution
		SolutionGuid = {F84A9AFF-4C97-4A2A-A99F-22A50733152B}
	EndGlobalSection
EndGlobal
