
Microsoft Visual Studio Solution File, Format Version 12.00
# Visual Studio Version 16
VisualStudioVersion = 16.0.31729.503
MinimumVisualStudioVersion = 10.0.40219.1
Project("{FAE04EC0-301F-11D3-BF4B-00C04F79EFBC}") = "DAY5_TASK1", "DAY5_TASK1.csproj", "{D80A5F0B-46C4-417F-968B-FF44D0A287C5}"
EndProject
Global
	GlobalSection(SolutionConfigurationPlatforms) = preSolution
		Debug|Any CPU = Debug|Any CPU
		Release|Any CPU = Release|Any CPU
	EndGlobalSection
	GlobalSection(ProjectConfigurationPlatforms) = postSolution
		{D80A5F0B-46C4-417F-968B-FF44D0A287C5}.Debug|Any CPU.ActiveCfg = Debug|Any CPU
		{D80A5F0B-46C4-417F-968B-FF44D0A287C5}.Debug|Any CPU.Build.0 = Debug|Any CPU
		{D80A5F0B-46C4-417F-968B-FF44D0A287C5}.Release|Any CPU.ActiveCfg = Release|Any CPU
		{D80A5F0B-46C4-417F-968B-FF44D0A287C5}.Release|Any CPU.Build.0 = Release|Any CPU
	EndGlobalSection
	GlobalSection(SolutionProperties) = preSolution
		HideSolutionNode = FALSE
	EndGlobalSection
	GlobalSection(ExtensibilityGlobals) = postSolution
		SolutionGuid = {F1688A6D-7822-4C12-B2D1-C9A641AA0C6B}
	EndGlobalSection
EndGlobal
